
Microsoft Visual Studio Solution File, Format Version 12.00
# Visual Studio Version 17
VisualStudioVersion = 17.0.31808.319
MinimumVisualStudioVersion = 10.0.40219.1
Project("{FAE04EC0-301F-11D3-BF4B-00C04F79EFBC}") = "TestBlazorApp", "TestBlazorApp\TestBlazorApp.csproj", "{376042C9-5D02-44D3-AB88-B0787C7063CE}"
EndProject
Global
	GlobalSection(SolutionConfigurationPlatforms) = preSolution
		Debug|Any CPU = Debug|Any CPU
		Release|Any CPU = Release|Any CPU
	EndGlobalSection
	GlobalSection(ProjectConfigurationPlatforms) = postSolution
		{376042C9-5D02-44D3-AB88-B0787C7063CE}.Debug|Any CPU.ActiveCfg = Debug|Any CPU
		{376042C9-5D02-44D3-AB88-B0787C7063CE}.Debug|Any CPU.Build.0 = Debug|Any CPU
		{376042C9-5D02-44D3-AB88-B0787C7063CE}.Release|Any CPU.ActiveCfg = Release|Any CPU
		{376042C9-5D02-44D3-AB88-B0787C7063CE}.Release|Any CPU.Build.0 = Release|Any CPU
	EndGlobalSection
	GlobalSection(SolutionProperties) = preSolution
		HideSolutionNode = FALSE
	EndGlobalSection
	GlobalSection(ExtensibilityGlobals) = postSolution
		SolutionGuid = {9BB49DD0-4E35-4920-95B3-CBD23FAD36A4}
	EndGlobalSection
EndGlobal
